
Microsoft Visual Studio Solution File, Format Version 11.00
# Visual Basic Express 2010
MinimumVisualStudioVersion = 10.0.40219.1
Project("{F184B08F-C81C-45F6-A57F-5ABD9991F28F}") = "Alerte Urgence", "Alerte Urgence\Alerte Urgence.vbproj", "{523AD1D7-E356-4D8C-B272-6E3E18A4BDAE}"
EndProject
Global
	GlobalSection(SolutionConfigurationPlatforms) = preSolution
		Debug|x86 = Debug|x86
		Release|x86 = Release|x86
	EndGlobalSection
	GlobalSection(ProjectConfigurationPlatforms) = postSolution
		{523AD1D7-E356-4D8C-B272-6E3E18A4BDAE}.Debug|x86.ActiveCfg = Debug|x86
		{523AD1D7-E356-4D8C-B272-6E3E18A4BDAE}.Debug|x86.Build.0 = Debug|x86
		{523AD1D7-E356-4D8C-B272-6E3E18A4BDAE}.Release|x86.ActiveCfg = Release|x86
		{523AD1D7-E356-4D8C-B272-6E3E18A4BDAE}.Release|x86.Build.0 = Release|x86
	EndGlobalSection
	GlobalSection(SolutionProperties) = preSolution
		HideSolutionNode = FALSE
	EndGlobalSection
	GlobalSection(ExtensibilityGlobals) = postSolution
		SolutionGuid = {F5EF8F09-5DAF-44DF-A7EA-6CB0436998B5}
	EndGlobalSection
EndGlobal
